// !$*UTF8*$!
{
	archiveVersion = 1;
	classes = {
	};
	objectVersion = 55;
	objects = {

/* Begin PBXBuildFile section */
		700BE228284194AC005D160F /* BusinessCellularApp.swift in Sources */ = {isa = PBXBuildFile; fileRef = 700BE227284194AC005D160F /* BusinessCellularApp.swift */; };
		700BE22A284194AC005D160F /* ContentView.swift in Sources */ = {isa = PBXBuildFile; fileRef = 700BE229284194AC005D160F /* ContentView.swift */; };
		700BE22C284194AE005D160F /* Assets.xcassets in Resources */ = {isa = PBXBuildFile; fileRef = 700BE22B284194AE005D160F /* Assets.xcassets */; };
		700BE22F284194AE005D160F /* Preview Assets.xcassets in Resources */ = {isa = PBXBuildFile; fileRef = 700BE22E284194AE005D160F /* Preview Assets.xcassets */; };
		700BE239284194AE005D160F /* BusinessCellularTests.swift in Sources */ = {isa = PBXBuildFile; fileRef = 700BE238284194AE005D160F /* BusinessCellularTests.swift */; };
		700BE243284194AE005D160F /* BusinessCellularUITests.swift in Sources */ = {isa = PBXBuildFile; fileRef = 700BE242284194AE005D160F /* BusinessCellularUITests.swift */; };
		700BE245284194AE005D160F /* BusinessCellularUITestsLaunchTests.swift in Sources */ = {isa = PBXBuildFile; fileRef = 700BE244284194AE005D160F /* BusinessCellularUITestsLaunchTests.swift */; };
		700BE25428419732005D160F /* DetailView.swift in Sources */ = {isa = PBXBuildFile; fileRef = 700BE25328419732005D160F /* DetailView.swift */; };
		700BE256284199BF005D160F /* Contacts.swift in Sources */ = {isa = PBXBuildFile; fileRef = 700BE255284199BF005D160F /* Contacts.swift */; };
/* End PBXBuildFile section */

/* Begin PBXContainerItemProxy section */
		700BE235284194AE005D160F /* PBXContainerItemProxy */ = {
			isa = PBXContainerItemProxy;
			containerPortal = 700BE21C284194AC005D160F /* Project object */;
			proxyType = 1;
			remoteGlobalIDString = 700BE223284194AC005D160F;
			remoteInfo = BusinessCellular;
		};
		700BE23F284194AE005D160F /* PBXContainerItemProxy */ = {
			isa = PBXContainerItemProxy;
			containerPortal = 700BE21C284194AC005D160F /* Project object */;
			proxyType = 1;
			remoteGlobalIDString = 700BE223284194AC005D160F;
			remoteInfo = BusinessCellular;
		};
/* End PBXContainerItemProxy section */

/* Begin PBXFileReference section */
		700BE224284194AC005D160F /* BusinessCellular.app */ = {isa = PBXFileReference; explicitFileType = wrapper.application; includeInIndex = 0; path = BusinessCellular.app; sourceTree = BUILT_PRODUCTS_DIR; };
		700BE227284194AC005D160F /* BusinessCellularApp.swift */ = {isa = PBXFileReference; lastKnownFileType = sourcecode.swift; path = BusinessCellularApp.swift; sourceTree = "<group>"; };
		700BE229284194AC005D160F /* ContentView.swift */ = {isa = PBXFileReference; lastKnownFileType = sourcecode.swift; path = ContentView.swift; sourceTree = "<group>"; };
		700BE22B284194AE005D160F /* Assets.xcassets */ = {isa = PBXFileReference; lastKnownFileType = folder.assetcatalog; path = Assets.xcassets; sourceTree = "<group>"; };
		700BE22E284194AE005D160F /* Preview Assets.xcassets */ = {isa = PBXFileReference; lastKnownFileType = folder.assetcatalog; path = "Preview Assets.xcassets"; sourceTree = "<group>"; };
		700BE234284194AE005D160F /* BusinessCellularTests.xctest */ = {isa = PBXFileReference; explicitFileType = wrapper.cfbundle; includeInIndex = 0; path = BusinessCellularTests.xctest; sourceTree = BUILT_PRODUCTS_DIR; };
		700BE238284194AE005D160F /* BusinessCellularTests.swift */ = {isa = PBXFileReference; lastKnownFileType = sourcecode.swift; path = BusinessCellularTests.swift; sourceTree = "<group>"; };
		700BE23E284194AE005D160F /* BusinessCellularUITests.xctest */ = {isa = PBXFileReference; explicitFileType = wrapper.cfbundle; includeInIndex = 0; path = BusinessCellularUITests.xctest; sourceTree = BUILT_PRODUCTS_DIR; };
		700BE242284194AE005D160F /* BusinessCellularUITests.swift */ = {isa = PBXFileReference; lastKnownFileType = sourcecode.swift; path = BusinessCellularUITests.swift; sourceTree = "<group>"; };
		700BE244284194AE005D160F /* BusinessCellularUITestsLaunchTests.swift */ = {isa = PBXFileReference; lastKnownFileType = sourcecode.swift; path = BusinessCellularUITestsLaunchTests.swift; sourceTree = "<group>"; };
		700BE25328419732005D160F /* DetailView.swift */ = {isa = PBXFileReference; lastKnownFileType = sourcecode.swift; path = DetailView.swift; sourceTree = "<group>"; };
		700BE255284199BF005D160F /* Contacts.swift */ = {isa = PBXFileReference; lastKnownFileType = sourcecode.swift; path = Contacts.swift; sourceTree = "<group>"; };
/* End PBXFileReference section */

/* Begin PBXFrameworksBuildPhase section */
		700BE221284194AC005D160F /* Frameworks */ = {
			isa = PBXFrameworksBuildPhase;
			buildActionMask = 2147483647;
			files = (
			);
			runOnlyForDeploymentPostprocessing = 0;
		};
		700BE231284194AE005D160F /* Frameworks */ = {
			isa = PBXFrameworksBuildPhase;
			buildActionMask = 2147483647;
			files = (
			);
			runOnlyForDeploymentPostprocessing = 0;
		};
		700BE23B284194AE005D160F /* Frameworks */ = {
			isa = PBXFrameworksBuildPhase;
			buildActionMask = 2147483647;
			files = (
			);
			runOnlyForDeploymentPostprocessing = 0;
		};
/* End PBXFrameworksBuildPhase section */

/* Begin PBXGroup section */
		700BE21B284194AC005D160F = {
			isa = PBXGroup;
			children = (
				700BE226284194AC005D160F /* BusinessCellular */,
				700BE237284194AE005D160F /* BusinessCellularTests */,
				700BE241284194AE005D160F /* BusinessCellularUITests */,
				700BE225284194AC005D160F /* Products */,
			);
			sourceTree = "<group>";
		};
		700BE225284194AC005D160F /* Products */ = {
			isa = PBXGroup;
			children = (
				700BE224284194AC005D160F /* BusinessCellular.app */,
				700BE234284194AE005D160F /* BusinessCellularTests.xctest */,
				700BE23E284194AE005D160F /* BusinessCellularUITests.xctest */,
			);
			name = Products;
			sourceTree = "<group>";
		};
		700BE226284194AC005D160F /* BusinessCellular */ = {
			isa = PBXGroup;
			children = (
				700BE227284194AC005D160F /* BusinessCellularApp.swift */,
				700BE229284194AC005D160F /* ContentView.swift */,
				700BE25328419732005D160F /* DetailView.swift */,
				700BE255284199BF005D160F /* Contacts.swift */,
				700BE22B284194AE005D160F /* Assets.xcassets */,
				700BE22D284194AE005D160F /* Preview Content */,
			);
			path = BusinessCellular;
			sourceTree = "<group>";
		};
		700BE22D284194AE005D160F /* Preview Content */ = {
			isa = PBXGroup;
			children = (
				700BE22E284194AE005D160F /* Preview Assets.xcassets */,
			);
			path = "Preview Content";
			sourceTree = "<group>";
		};
		700BE237284194AE005D160F /* BusinessCellularTests */ = {
			isa = PBXGroup;
			children = (
				700BE238284194AE005D160F /* BusinessCellularTests.swift */,
			);
			path = BusinessCellularTests;
			sourceTree = "<group>";
		};
		700BE241284194AE005D160F /* BusinessCellularUITests */ = {
			isa = PBXGroup;
			children = (
				700BE242284194AE005D160F /* BusinessCellularUITests.swift */,
				700BE244284194AE005D160F /* BusinessCellularUITestsLaunchTests.swift */,
			);
			path = BusinessCellularUITests;
			sourceTree = "<group>";
		};
/* End PBXGroup section */

/* Begin PBXNativeTarget section */
		700BE223284194AC005D160F /* BusinessCellular */ = {
			isa = PBXNativeTarget;
			buildConfigurationList = 700BE248284194AE005D160F /* Build configuration list for PBXNativeTarget "BusinessCellular" */;
			buildPhases = (
				700BE220284194AC005D160F /* Sources */,
				700BE221284194AC005D160F /* Frameworks */,
				700BE222284194AC005D160F /* Resources */,
			);
			buildRules = (
			);
			dependencies = (
			);
			name = BusinessCellular;
			productName = BusinessCellular;
			productReference = 700BE224284194AC005D160F /* BusinessCellular.app */;
			productType = "com.apple.product-type.application";
		};
		700BE233284194AE005D160F /* BusinessCellularTests */ = {
			isa = PBXNativeTarget;
			buildConfigurationList = 700BE24B284194AE005D160F /* Build configuration list for PBXNativeTarget "BusinessCellularTests" */;
			buildPhases = (
				700BE230284194AE005D160F /* Sources */,
				700BE231284194AE005D160F /* Frameworks */,
				700BE232284194AE005D160F /* Resources */,
			);
			buildRules = (
			);
			dependencies = (
				700BE236284194AE005D160F /* PBXTargetDependency */,
			);
			name = BusinessCellularTests;
			productName = BusinessCellularTests;
			productReference = 700BE234284194AE005D160F /* BusinessCellularTests.xctest */;
			productType = "com.apple.product-type.bundle.unit-test";
		};
		700BE23D284194AE005D160F /* BusinessCellularUITests */ = {
			isa = PBXNativeTarget;
			buildConfigurationList = 700BE24E284194AE005D160F /* Build configuration list for PBXNativeTarget "BusinessCellularUITests" */;
			buildPhases = (
				700BE23A284194AE005D160F /* Sources */,
				700BE23B284194AE005D160F /* Frameworks */,
				700BE23C284194AE005D160F /* Resources */,
			);
			buildRules = (
			);
			dependencies = (
				700BE240284194AE005D160F /* PBXTargetDependency */,
			);
			name = BusinessCellularUITests;
			productName = BusinessCellularUITests;
			productReference = 700BE23E284194AE005D160F /* BusinessCellularUITests.xctest */;
			productType = "com.apple.product-type.bundle.ui-testing";
		};
/* End PBXNativeTarget section */

/* Begin PBXProject section */
		700BE21C284194AC005D160F /* Project object */ = {
			isa = PBXProject;
			attributes = {
				BuildIndependentTargetsInParallel = 1;
				LastSwiftUpdateCheck = 1340;
				LastUpgradeCheck = 1340;
				TargetAttributes = {
					700BE223284194AC005D160F = {
						CreatedOnToolsVersion = 13.4;
					};
					700BE233284194AE005D160F = {
						CreatedOnToolsVersion = 13.4;
						TestTargetID = 700BE223284194AC005D160F;
					};
					700BE23D284194AE005D160F = {
						CreatedOnToolsVersion = 13.4;
						TestTargetID = 700BE223284194AC005D160F;
					};
				};
			};
			buildConfigurationList = 700BE21F284194AC005D160F /* Build configuration list for PBXProject "BusinessCellular" */;
			compatibilityVersion = "Xcode 13.0";
			developmentRegion = en;
			hasScannedForEncodings = 0;
			knownRegions = (
				en,
				Base,
			);
			mainGroup = 700BE21B284194AC005D160F;
			productRefGroup = 700BE225284194AC005D160F /* Products */;
			projectDirPath = "";
			projectRoot = "";
			targets = (
				700BE223284194AC005D160F /* BusinessCellular */,
				700BE233284194AE005D160F /* BusinessCellularTests */,
				700BE23D284194AE005D160F /* BusinessCellularUITests */,
			);
		};
/* End PBXProject section */

/* Begin PBXResourcesBuildPhase section */
		700BE222284194AC005D160F /* Resources */ = {
			isa = PBXResourcesBuildPhase;
			buildActionMask = 2147483647;
			files = (
				700BE22F284194AE005D160F /* Preview Assets.xcassets in Resources */,
				700BE22C284194AE005D160F /* Assets.xcassets in Resources */,
			);
			runOnlyForDeploymentPostprocessing = 0;
		};
		700BE232284194AE005D160F /* Resources */ = {
			isa = PBXResourcesBuildPhase;
			buildActionMask = 2147483647;
			files = (
			);
			runOnlyForDeploymentPostprocessing = 0;
		};
		700BE23C284194AE005D160F /* Resources */ = {
			isa = PBXResourcesBuildPhase;
			buildActionMask = 2147483647;
			files = (
			);
			runOnlyForDeploymentPostprocessing = 0;
		};
/* End PBXResourcesBuildPhase section */

/* Begin PBXSourcesBuildPhase section */
		700BE220284194AC005D160F /* Sources */ = {
			isa = PBXSourcesBuildPhase;
			buildActionMask = 2147483647;
			files = (
				700BE256284199BF005D160F /* Contacts.swift in Sources */,
				700BE25428419732005D160F /* DetailView.swift in Sources */,
				700BE22A284194AC005D160F /* ContentView.swift in Sources */,
				700BE228284194AC005D160F /* BusinessCellularApp.swift in Sources */,
			);
			runOnlyForDeploymentPostprocessing = 0;
		};
		700BE230284194AE005D160F /* Sources */ = {
			isa = PBXSourcesBuildPhase;
			buildActionMask = 2147483647;
			files = (
				700BE239284194AE005D160F /* BusinessCellularTests.swift in Sources */,
			);
			runOnlyForDeploymentPostprocessing = 0;
		};
		700BE23A284194AE005D160F /* Sources */ = {
			isa = PBXSourcesBuildPhase;
			buildActionMask = 2147483647;
			files = (
				700BE245284194AE005D160F /* BusinessCellularUITestsLaunchTests.swift in Sources */,
				700BE243284194AE005D160F /* BusinessCellularUITests.swift in Sources */,
			);
			runOnlyForDeploymentPostprocessing = 0;
		};
/* End PBXSourcesBuildPhase section */

/* Begin PBXTargetDependency section */
		700BE236284194AE005D160F /* PBXTargetDependency */ = {
			isa = PBXTargetDependency;
			target = 700BE223284194AC005D160F /* BusinessCellular */;
			targetProxy = 700BE235284194AE005D160F /* PBXContainerItemProxy */;
		};
		700BE240284194AE005D160F /* PBXTargetDependency */ = {
			isa = PBXTargetDependency;
			target = 700BE223284194AC005D160F /* BusinessCellular */;
			targetProxy = 700BE23F284194AE005D160F /* PBXContainerItemProxy */;
		};
/* End PBXTargetDependency section */

/* Begin XCBuildConfiguration section */
		700BE246284194AE005D160F /* Debug */ = {
			isa = XCBuildConfiguration;
			buildSettings = {
				ALWAYS_SEARCH_USER_PATHS = NO;
				CLANG_ANALYZER_NONNULL = YES;
				CLANG_ANALYZER_NUMBER_OBJECT_CONVERSION = YES_AGGRESSIVE;
				CLANG_CXX_LANGUAGE_STANDARD = "gnu++17";
				CLANG_ENABLE_MODULES = YES;
				CLANG_ENABLE_OBJC_ARC = YES;
				CLANG_ENABLE_OBJC_WEAK = YES;
				CLANG_WARN_BLOCK_CAPTURE_AUTORELEASING = YES;
				CLANG_WARN_BOOL_CONVERSION = YES;
				CLANG_WARN_COMMA = YES;
				CLANG_WARN_CONSTANT_CONVERSION = YES;
				CLANG_WARN_DEPRECATED_OBJC_IMPLEMENTATIONS = YES;
				CLANG_WARN_DIRECT_OBJC_ISA_USAGE = YES_ERROR;
				CLANG_WARN_DOCUMENTATION_COMMENTS = YES;
				CLANG_WARN_EMPTY_BODY = YES;
				CLANG_WARN_ENUM_CONVERSION = YES;
				CLANG_WARN_INFINITE_RECURSION = YES;
				CLANG_WARN_INT_CONVERSION = YES;
				CLANG_WARN_NON_LITERAL_NULL_CONVERSION = YES;
				CLANG_WARN_OBJC_IMPLICIT_RETAIN_SELF = YES;
				CLANG_WARN_OBJC_LITERAL_CONVERSION = YES;
				CLANG_WARN_OBJC_ROOT_CLASS = YES_ERROR;
				CLANG_WARN_QUOTED_INCLUDE_IN_FRAMEWORK_HEADER = YES;
				CLANG_WARN_RANGE_LOOP_ANALYSIS = YES;
				CLANG_WARN_STRICT_PROTOTYPES = YES;
				CLANG_WARN_SUSPICIOUS_MOVE = YES;
				CLANG_WARN_UNGUARDED_AVAILABILITY = YES_AGGRESSIVE;
				CLANG_WARN_UNREACHABLE_CODE = YES;
				CLANG_WARN__DUPLICATE_METHOD_MATCH = YES;
				COPY_PHASE_STRIP = NO;
				DEBUG_INFORMATION_FORMAT = dwarf;
				ENABLE_STRICT_OBJC_MSGSEND = YES;
				ENABLE_TESTABILITY = YES;
				GCC_C_LANGUAGE_STANDARD = gnu11;
				GCC_DYNAMIC_NO_PIC = NO;
				GCC_NO_COMMON_BLOCKS = YES;
				GCC_OPTIMIZATION_LEVEL = 0;
				GCC_PREPROCESSOR_DEFINITIONS = (
					"DEBUG=1",
					"$(inherited)",
				);
				GCC_WARN_64_TO_32_BIT_CONVERSION = YES;
				GCC_WARN_ABOUT_RETURN_TYPE = YES_ERROR;
				GCC_WARN_UNDECLARED_SELECTOR = YES;
				GCC_WARN_UNINITIALIZED_AUTOS = YES_AGGRESSIVE;
				GCC_WARN_UNUSED_FUNCTION = YES;
				GCC_WARN_UNUSED_VARIABLE = YES;
				IPHONEOS_DEPLOYMENT_TARGET = 15.5;
				MTL_ENABLE_DEBUG_INFO = INCLUDE_SOURCE;
				MTL_FAST_MATH = YES;
				ONLY_ACTIVE_ARCH = YES;
				SDKROOT = iphoneos;
				SWIFT_ACTIVE_COMPILATION_CONDITIONS = DEBUG;
				SWIFT_OPTIMIZATION_LEVEL = "-Onone";
			};
			name = Debug;
		};
		700BE247284194AE005D160F /* Release */ = {
			isa = XCBuildConfiguration;
			buildSettings = {
				ALWAYS_SEARCH_USER_PATHS = NO;
				CLANG_ANALYZER_NONNULL = YES;
				CLANG_ANALYZER_NUMBER_OBJECT_CONVERSION = YES_AGGRESSIVE;
				CLANG_CXX_LANGUAGE_STANDARD = "gnu++17";
				CLANG_ENABLE_MODULES = YES;
				CLANG_ENABLE_OBJC_ARC = YES;
				CLANG_ENABLE_OBJC_WEAK = YES;
				CLANG_WARN_BLOCK_CAPTURE_AUTORELEASING = YES;
				CLANG_WARN_BOOL_CONVERSION = YES;
				CLANG_WARN_COMMA = YES;
				CLANG_WARN_CONSTANT_CONVERSION = YES;
				CLANG_WARN_DEPRECATED_OBJC_IMPLEMENTATIONS = YES;
				CLANG_WARN_DIRECT_OBJC_ISA_USAGE = YES_ERROR;
				CLANG_WARN_DOCUMENTATION_COMMENTS = YES;
				CLANG_WARN_EMPTY_BODY = YES;
				CLANG_WARN_ENUM_CONVERSION = YES;
				CLANG_WARN_INFINITE_RECURSION = YES;
				CLANG_WARN_INT_CONVERSION = YES;
				CLANG_WARN_NON_LITERAL_NULL_CONVERSION = YES;
				CLANG_WARN_OBJC_IMPLICIT_RETAIN_SELF = YES;
				CLANG_WARN_OBJC_LITERAL_CONVERSION = YES;
				CLANG_WARN_OBJC_ROOT_CLASS = YES_ERROR;
				CLANG_WARN_QUOTED_INCLUDE_IN_FRAMEWORK_HEADER = YES;
				CLANG_WARN_RANGE_LOOP_ANALYSIS = YES;
				CLANG_WARN_STRICT_PROTOTYPES = YES;
				CLANG_WARN_SUSPICIOUS_MOVE = YES;
				CLANG_WARN_UNGUARDED_AVAILABILITY = YES_AGGRESSIVE;
				CLANG_WARN_UNREACHABLE_CODE = YES;
				CLANG_WARN__DUPLICATE_METHOD_MATCH = YES;
				COPY_PHASE_STRIP = NO;
				DEBUG_INFORMATION_FORMAT = "dwarf-with-dsym";
				ENABLE_NS_ASSERTIONS = NO;
				ENABLE_STRICT_OBJC_MSGSEND = YES;
				GCC_C_LANGUAGE_STANDARD = gnu11;
				GCC_NO_COMMON_BLOCKS = YES;
				GCC_WARN_64_TO_32_BIT_CONVERSION = YES;
				GCC_WARN_ABOUT_RETURN_TYPE = YES_ERROR;
				GCC_WARN_UNDECLARED_SELECTOR = YES;
				GCC_WARN_UNINITIALIZED_AUTOS = YES_AGGRESSIVE;
				GCC_WARN_UNUSED_FUNCTION = YES;
				GCC_WARN_UNUSED_VARIABLE = YES;
				IPHONEOS_DEPLOYMENT_TARGET = 15.5;
				MTL_ENABLE_DEBUG_INFO = NO;
				MTL_FAST_MATH = YES;
				SDKROOT = iphoneos;
				SWIFT_COMPILATION_MODE = wholemodule;
				SWIFT_OPTIMIZATION_LEVEL = "-O";
				VALIDATE_PRODUCT = YES;
			};
			name = Release;
		};
		700BE249284194AE005D160F /* Debug */ = {
			isa = XCBuildConfiguration;
			buildSettings = {
				ASSETCATALOG_COMPILER_APPICON_NAME = AppIcon;
				ASSETCATALOG_COMPILER_GLOBAL_ACCENT_COLOR_NAME = AccentColor;
				CODE_SIGN_STYLE = Automatic;
				CURRENT_PROJECT_VERSION = 1;
				DEVELOPMENT_ASSET_PATHS = "\"BusinessCellular/Preview Content\"";
				DEVELOPMENT_TEAM = 836NUPNHQM;
				ENABLE_PREVIEWS = YES;
				GENERATE_INFOPLIST_FILE = YES;
				INFOPLIST_KEY_UIApplicationSceneManifest_Generation = YES;
				INFOPLIST_KEY_UIApplicationSupportsIndirectInputEvents = YES;
				INFOPLIST_KEY_UILaunchScreen_Generation = YES;
				INFOPLIST_KEY_UISupportedInterfaceOrientations_iPad = "UIInterfaceOrientationPortrait UIInterfaceOrientationPortraitUpsideDown UIInterfaceOrientationLandscapeLeft UIInterfaceOrientationLandscapeRight";
				INFOPLIST_KEY_UISupportedInterfaceOrientations_iPhone = "UIInterfaceOrientationPortrait UIInterfaceOrientationLandscapeLeft UIInterfaceOrientationLandscapeRight";
				LD_RUNPATH_SEARCH_PATHS = (
					"$(inherited)",
					"@executable_path/Frameworks",
				);
				MARKETING_VERSION = 1.0;
				PRODUCT_BUNDLE_IDENTIFIER = com.4in1telecommunications..BusinessCellular;
				PRODUCT_NAME = "$(TARGET_NAME)";
				SWIFT_EMIT_LOC_STRINGS = YES;
				SWIFT_VERSION = 5.0;
				TARGETED_DEVICE_FAMILY = "1,2";
			};
			name = Debug;
		};
		700BE24A284194AE005D160F /* Release */ = {
			isa = XCBuildConfiguration;
			buildSettings = {
				ASSETCATALOG_COMPILER_APPICON_NAME = AppIcon;
				ASSETCATALOG_COMPILER_GLOBAL_ACCENT_COLOR_NAME = AccentColor;
				CODE_SIGN_STYLE = Automatic;
				CURRENT_PROJECT_VERSION = 1;
				DEVELOPMENT_ASSET_PATHS = "\"BusinessCellular/Preview Content\"";
				DEVELOPMENT_TEAM = 836NUPNHQM;
				ENABLE_PREVIEWS = YES;
				GENERATE_INFOPLIST_FILE = YES;
				INFOPLIST_KEY_UIApplicationSceneManifest_Generation = YES;
				INFOPLIST_KEY_UIApplicationSupportsIndirectInputEvents = YES;
				INFOPLIST_KEY_UILaunchScreen_Generation = YES;
				INFOPLIST_KEY_UISupportedInterfaceOrientations_iPad = "UIInterfaceOrientationPortrait UIInterfaceOrientationPortraitUpsideDown UIInterfaceOrientationLandscapeLeft UIInterfaceOrientationLandscapeRight";
				INFOPLIST_KEY_UISupportedInterfaceOrientations_iPhone = "UIInterfaceOrientationPortrait UIInterfaceOrientationLandscapeLeft UIInterfaceOrientationLandscapeRight";
				LD_RUNPATH_SEARCH_PATHS = (
					"$(inherited)",
					"@executable_path/Frameworks",
				);
				MARKETING_VERSION = 1.0;
				PRODUCT_BUNDLE_IDENTIFIER = com.4in1telecommunications..BusinessCellular;
				PRODUCT_NAME = "$(TARGET_NAME)";
				SWIFT_EMIT_LOC_STRINGS = YES;
				SWIFT_VERSION = 5.0;
				TARGETED_DEVICE_FAMILY = "1,2";
			};
			name = Release;
		};
		700BE24C284194AE005D160F /* Debug */ = {
			isa = XCBuildConfiguration;
			buildSettings = {
				ALWAYS_EMBED_SWIFT_STANDARD_LIBRARIES = YES;
				BUNDLE_LOADER = "$(TEST_HOST)";
				CODE_SIGN_STYLE = Automatic;
				CURRENT_PROJECT_VERSION = 1;
				DEVELOPMENT_TEAM = 836NUPNHQM;
				GENERATE_INFOPLIST_FILE = YES;
				IPHONEOS_DEPLOYMENT_TARGET = 15.5;
				MARKETING_VERSION = 1.0;
				PRODUCT_BUNDLE_IDENTIFIER = com.4in1telecommunications..BusinessCellularTests;
				PRODUCT_NAME = "$(TARGET_NAME)";
				SWIFT_EMIT_LOC_STRINGS = NO;
				SWIFT_VERSION = 5.0;
				TARGETED_DEVICE_FAMILY = "1,2";
				TEST_HOST = "$(BUILT_PRODUCTS_DIR)/BusinessCellular.app/BusinessCellular";
			};
			name = Debug;
		};
		700BE24D284194AE005D160F /* Release */ = {
			isa = XCBuildConfiguration;
			buildSettings = {
				ALWAYS_EMBED_SWIFT_STANDARD_LIBRARIES = YES;
				BUNDLE_LOADER = "$(TEST_HOST)";
				CODE_SIGN_STYLE = Automatic;
				CURRENT_PROJECT_VERSION = 1;
				DEVELOPMENT_TEAM = 836NUPNHQM;
				GENERATE_INFOPLIST_FILE = YES;
				IPHONEOS_DEPLOYMENT_TARGET = 15.5;
				MARKETING_VERSION = 1.0;
				PRODUCT_BUNDLE_IDENTIFIER = com.4in1telecommunications..BusinessCellularTests;
				PRODUCT_NAME = "$(TARGET_NAME)";
				SWIFT_EMIT_LOC_STRINGS = NO;
				SWIFT_VERSION = 5.0;
				TARGETED_DEVICE_FAMILY = "1,2";
				TEST_HOST = "$(BUILT_PRODUCTS_DIR)/BusinessCellular.app/BusinessCellular";
			};
			name = Release;
		};
		700BE24F284194AE005D160F /* Debug */ = {
			isa = XCBuildConfiguration;
			buildSettings = {
				ALWAYS_EMBED_SWIFT_STANDARD_LIBRARIES = YES;
				CODE_SIGN_STYLE = Automatic;
				CURRENT_PROJECT_VERSION = 1;
				DEVELOPMENT_TEAM = 836NUPNHQM;
				GENERATE_INFOPLIST_FILE = YES;
				MARKETING_VERSION = 1.0;
				PRODUCT_BUNDLE_IDENTIFIER = com.4in1telecommunications..BusinessCellularUITests;
				PRODUCT_NAME = "$(TARGET_NAME)";
				SWIFT_EMIT_LOC_STRINGS = NO;
				SWIFT_VERSION = 5.0;
				TARGETED_DEVICE_FAMILY = "1,2";
				TEST_TARGET_NAME = BusinessCellular;
			};
			name = Debug;
		};
		700BE250284194AE005D160F /* Release */ = {
			isa = XCBuildConfiguration;
			buildSettings = {
				ALWAYS_EMBED_SWIFT_STANDARD_LIBRARIES = YES;
				CODE_SIGN_STYLE = Automatic;
				CURRENT_PROJECT_VERSION = 1;
				DEVELOPMENT_TEAM = 836NUPNHQM;
				GENERATE_INFOPLIST_FILE = YES;
				MARKETING_VERSION = 1.0;
				PRODUCT_BUNDLE_IDENTIFIER = com.4in1telecommunications..BusinessCellularUITests;
				PRODUCT_NAME = "$(TARGET_NAME)";
				SWIFT_EMIT_LOC_STRINGS = NO;
				SWIFT_VERSION = 5.0;
				TARGETED_DEVICE_FAMILY = "1,2";
				TEST_TARGET_NAME = BusinessCellular;
			};
			name = Release;
		};
/* End XCBuildConfiguration section */

/* Begin XCConfigurationList section */
		700BE21F284194AC005D160F /* Build configuration list for PBXProject "BusinessCellular" */ = {
			isa = XCConfigurationList;
			buildConfigurations = (
				700BE246284194AE005D160F /* Debug */,
				700BE247284194AE005D160F /* Release */,
			);
			defaultConfigurationIsVisible = 0;
			defaultConfigurationName = Release;
		};
		700BE248284194AE005D160F /* Build configuration list for PBXNativeTarget "BusinessCellular" */ = {
			isa = XCConfigurationList;
			buildConfigurations = (
				700BE249284194AE005D160F /* Debug */,
				700BE24A284194AE005D160F /* Release */,
			);
			defaultConfigurationIsVisible = 0;
			defaultConfigurationName = Release;
		};
		700BE24B284194AE005D160F /* Build configuration list for PBXNativeTarget "BusinessCellularTests" */ = {
			isa = XCConfigurationList;
			buildConfigurations = (
				700BE24C284194AE005D160F /* Debug */,
				700BE24D284194AE005D160F /* Release */,
			);
			defaultConfigurationIsVisible = 0;
			defaultConfigurationName = Release;
		};
		700BE24E284194AE005D160F /* Build configuration list for PBXNativeTarget "BusinessCellularUITests" */ = {
			isa = XCConfigurationList;
			buildConfigurations = (
				700BE24F284194AE005D160F /* Debug */,
				700BE250284194AE005D160F /* Release */,
			);
			defaultConfigurationIsVisible = 0;
			defaultConfigurationName = Release;
		};
/* End XCConfigurationList section */
	};
	rootObject = 700BE21C284194AC005D160F /* Project object */;
}
